
Microsoft Visual Studio Solution File, Format Version 12.00
# Visual Studio Version 17
VisualStudioVersion = 17.0.31717.71
MinimumVisualStudioVersion = 10.0.40219.1
Project("{FAE04EC0-301F-11D3-BF4B-00C04F79EFBC}") = "Alexis.CORE.Connection", "Alexis.CORE.Connection\Alexis.CORE.Connection.csproj", "{EDDF817F-39E6-4B38-BC6C-EE0D538E0844}"
EndProject
Global
	GlobalSection(SolutionConfigurationPlatforms) = preSolution
		Debug|Any CPU = Debug|Any CPU
		Release|Any CPU = Release|Any CPU
	EndGlobalSection
	GlobalSection(ProjectConfigurationPlatforms) = postSolution
		{EDDF817F-39E6-4B38-BC6C-EE0D538E0844}.Debug|Any CPU.ActiveCfg = Debug|Any CPU
		{EDDF817F-39E6-4B38-BC6C-EE0D538E0844}.Debug|Any CPU.Build.0 = Debug|Any CPU
		{EDDF817F-39E6-4B38-BC6C-EE0D538E0844}.Release|Any CPU.ActiveCfg = Release|Any CPU
		{EDDF817F-39E6-4B38-BC6C-EE0D538E0844}.Release|Any CPU.Build.0 = Release|Any CPU
	EndGlobalSection
	GlobalSection(SolutionProperties) = preSolution
		HideSolutionNode = FALSE
	EndGlobalSection
	GlobalSection(ExtensibilityGlobals) = postSolution
		SolutionGuid = {A15AEE2C-011B-457F-8CF4-6377815A769C}
	EndGlobalSection
EndGlobal
